
Microsoft Visual Studio Solution File, Format Version 12.00
# Visual Studio 15
VisualStudioVersion = 15.0.26430.6
MinimumVisualStudioVersion = 10.0.40219.1
Project("{FAE04EC0-301F-11D3-BF4B-00C04F79EFBC}") = "Html2Pdf", "Html2Pdf\Html2Pdf.csproj", "{DAFA482D-5C84-4384-AB3C-51D8EFB51CC7}"
EndProject
Project("{FAE04EC0-301F-11D3-BF4B-00C04F79EFBC}") = "Html2Pdf.Lib", "Html2Pdf.Lib\Html2Pdf.Lib.csproj", "{77F19087-421D-46CA-BEC2-E10A0BB114AF}"
EndProject
Global
	GlobalSection(SolutionConfigurationPlatforms) = preSolution
		Debug|Any CPU = Debug|Any CPU
		Release|Any CPU = Release|Any CPU
	EndGlobalSection
	GlobalSection(ProjectConfigurationPlatforms) = postSolution
		{DAFA482D-5C84-4384-AB3C-51D8EFB51CC7}.Debug|Any CPU.ActiveCfg = Debug|Any CPU
		{DAFA482D-5C84-4384-AB3C-51D8EFB51CC7}.Debug|Any CPU.Build.0 = Debug|Any CPU
		{DAFA482D-5C84-4384-AB3C-51D8EFB51CC7}.Release|Any CPU.ActiveCfg = Release|Any CPU
		{DAFA482D-5C84-4384-AB3C-51D8EFB51CC7}.Release|Any CPU.Build.0 = Release|Any CPU
		{77F19087-421D-46CA-BEC2-E10A0BB114AF}.Debug|Any CPU.ActiveCfg = Debug|Any CPU
		{77F19087-421D-46CA-BEC2-E10A0BB114AF}.Debug|Any CPU.Build.0 = Debug|Any CPU
		{77F19087-421D-46CA-BEC2-E10A0BB114AF}.Release|Any CPU.ActiveCfg = Release|Any CPU
		{77F19087-421D-46CA-BEC2-E10A0BB114AF}.Release|Any CPU.Build.0 = Release|Any CPU
	EndGlobalSection
	GlobalSection(SolutionProperties) = preSolution
		HideSolutionNode = FALSE
	EndGlobalSection
EndGlobal
